// !$*UTF8*$!
{
	archiveVersion = 1;
	classes = {
	};
	objectVersion = 56;
	objects = {

/* Begin PBXBuildFile section */
		29DFA4D62DB27D3B0004D5D3 /* HalfSheetView.swift in Sources */ = {isa = PBXBuildFile; fileRef = 29DFA4D52DB27D3B0004D5D3 /* HalfSheetView.swift */; };
		29E77F9D2DB0D0D6005DF307 /* AssignmentMobileAppApp.swift in Sources */ = {isa = PBXBuildFile; fileRef = 29E77F9C2DB0D0D6005DF307 /* AssignmentMobileAppApp.swift */; };
		29E77F9F2DB0D0D6005DF307 /* ContentView.swift in Sources */ = {isa = PBXBuildFile; fileRef = 29E77F9E2DB0D0D6005DF307 /* ContentView.swift */; };
		29E77FA12DB0D0D7005DF307 /* Assets.xcassets in Resources */ = {isa = PBXBuildFile; fileRef = 29E77FA02DB0D0D7005DF307 /* Assets.xcassets */; };
		29E77FA42DB0D0D7005DF307 /* Preview Assets.xcassets in Resources */ = {isa = PBXBuildFile; fileRef = 29E77FA32DB0D0D7005DF307 /* Preview Assets.xcassets */; };
		29E77FAF2DB0D1A8005DF307 /* HomeView.swift in Sources */ = {isa = PBXBuildFile; fileRef = 29E77FAE2DB0D1A8005DF307 /* HomeView.swift */; };
		29E77FB42DB0D5D2005DF307 /* SQLite in Frameworks */ = {isa = PBXBuildFile; productRef = 29E77FB32DB0D5D2005DF307 /* SQLite */; };
		29E77FB62DB0D629005DF307 /* DataBaseManager.swift in Sources */ = {isa = PBXBuildFile; fileRef = 29E77FB52DB0D629005DF307 /* DataBaseManager.swift */; };
		29E77FB82DB0D6BC005DF307 /* User.swift in Sources */ = {isa = PBXBuildFile; fileRef = 29E77FB72DB0D6BC005DF307 /* User.swift */; };
		29E77FBA2DB0D70E005DF307 /* UserTable.swift in Sources */ = {isa = PBXBuildFile; fileRef = 29E77FB92DB0D70E005DF307 /* UserTable.swift */; };
		29E77FBC2DB0D94E005DF307 /* dbError.swift in Sources */ = {isa = PBXBuildFile; fileRef = 29E77FBB2DB0D94E005DF307 /* dbError.swift */; };
		29E77FC22DB0DCAF005DF307 /* DbUtils.swift in Sources */ = {isa = PBXBuildFile; fileRef = 29E77FC12DB0DCAF005DF307 /* DbUtils.swift */; };
		29E77FC42DB0E604005DF307 /* BDutiles.swift in Sources */ = {isa = PBXBuildFile; fileRef = 29E77FC32DB0E604005DF307 /* BDutiles.swift */; };
		29E77FC62DB0F49B005DF307 /* UserViewModel.swift in Sources */ = {isa = PBXBuildFile; fileRef = 29E77FC52DB0F49B005DF307 /* UserViewModel.swift */; };
		29E77FC82DB0F796005DF307 /* UserDetailView.swift in Sources */ = {isa = PBXBuildFile; fileRef = 29E77FC72DB0F796005DF307 /* UserDetailView.swift */; };
		29E77FCA2DB0F8CD005DF307 /*  AddUserView.swift in Sources */ = {isa = PBXBuildFile; fileRef = 29E77FC92DB0F8CD005DF307 /*  AddUserView.swift */; };
/* End PBXBuildFile section */

/* Begin PBXFileReference section */
		29DFA4D52DB27D3B0004D5D3 /* HalfSheetView.swift */ = {isa = PBXFileReference; lastKnownFileType = sourcecode.swift; path = HalfSheetView.swift; sourceTree = "<group>"; };
		29E77F992DB0D0D6005DF307 /* AssignmentMobileApp.app */ = {isa = PBXFileReference; explicitFileType = wrapper.application; includeInIndex = 0; path = AssignmentMobileApp.app; sourceTree = BUILT_PRODUCTS_DIR; };
		29E77F9C2DB0D0D6005DF307 /* AssignmentMobileAppApp.swift */ = {isa = PBXFileReference; lastKnownFileType = sourcecode.swift; path = AssignmentMobileAppApp.swift; sourceTree = "<group>"; };
		29E77F9E2DB0D0D6005DF307 /* ContentView.swift */ = {isa = PBXFileReference; lastKnownFileType = sourcecode.swift; path = ContentView.swift; sourceTree = "<group>"; };
		29E77FA02DB0D0D7005DF307 /* Assets.xcassets */ = {isa = PBXFileReference; lastKnownFileType = folder.assetcatalog; path = Assets.xcassets; sourceTree = "<group>"; };
		29E77FA32DB0D0D7005DF307 /* Preview Assets.xcassets */ = {isa = PBXFileReference; lastKnownFileType = folder.assetcatalog; path = "Preview Assets.xcassets"; sourceTree = "<group>"; };
		29E77FAE2DB0D1A8005DF307 /* HomeView.swift */ = {isa = PBXFileReference; lastKnownFileType = sourcecode.swift; path = HomeView.swift; sourceTree = "<group>"; };
		29E77FB52DB0D629005DF307 /* DataBaseManager.swift */ = {isa = PBXFileReference; lastKnownFileType = sourcecode.swift; path = DataBaseManager.swift; sourceTree = "<group>"; };
		29E77FB72DB0D6BC005DF307 /* User.swift */ = {isa = PBXFileReference; lastKnownFileType = sourcecode.swift; path = User.swift; sourceTree = "<group>"; };
		29E77FB92DB0D70E005DF307 /* UserTable.swift */ = {isa = PBXFileReference; lastKnownFileType = sourcecode.swift; path = UserTable.swift; sourceTree = "<group>"; };
		29E77FBB2DB0D94E005DF307 /* dbError.swift */ = {isa = PBXFileReference; lastKnownFileType = sourcecode.swift; path = dbError.swift; sourceTree = "<group>"; };
		29E77FC12DB0DCAF005DF307 /* DbUtils.swift */ = {isa = PBXFileReference; lastKnownFileType = sourcecode.swift; path = DbUtils.swift; sourceTree = "<group>"; };
		29E77FC32DB0E604005DF307 /* BDutiles.swift */ = {isa = PBXFileReference; lastKnownFileType = sourcecode.swift; path = BDutiles.swift; sourceTree = "<group>"; };
		29E77FC52DB0F49B005DF307 /* UserViewModel.swift */ = {isa = PBXFileReference; lastKnownFileType = sourcecode.swift; path = UserViewModel.swift; sourceTree = "<group>"; };
		29E77FC72DB0F796005DF307 /* UserDetailView.swift */ = {isa = PBXFileReference; lastKnownFileType = sourcecode.swift; path = UserDetailView.swift; sourceTree = "<group>"; };
		29E77FC92DB0F8CD005DF307 /*  AddUserView.swift */ = {isa = PBXFileReference; lastKnownFileType = sourcecode.swift; path = " AddUserView.swift"; sourceTree = "<group>"; };
/* End PBXFileReference section */

/* Begin PBXFrameworksBuildPhase section */
		29E77F962DB0D0D6005DF307 /* Frameworks */ = {
			isa = PBXFrameworksBuildPhase;
			buildActionMask = 2147483647;
			files = (
				29E77FB42DB0D5D2005DF307 /* SQLite in Frameworks */,
			);
			runOnlyForDeploymentPostprocessing = 0;
		};
/* End PBXFrameworksBuildPhase section */

/* Begin PBXGroup section */
		29E77F902DB0D0D6005DF307 = {
			isa = PBXGroup;
			children = (
				29E77F9B2DB0D0D6005DF307 /* AssignmentMobileApp */,
				29E77F9A2DB0D0D6005DF307 /* Products */,
			);
			sourceTree = "<group>";
		};
		29E77F9A2DB0D0D6005DF307 /* Products */ = {
			isa = PBXGroup;
			children = (
				29E77F992DB0D0D6005DF307 /* AssignmentMobileApp.app */,
			);
			name = Products;
			sourceTree = "<group>";
		};
		29E77F9B2DB0D0D6005DF307 /* AssignmentMobileApp */ = {
			isa = PBXGroup;
			children = (
				29E77F9C2DB0D0D6005DF307 /* AssignmentMobileAppApp.swift */,
				29E77FAD2DB0D10F005DF307 /* DataBase */,
				29E77FAB2DB0D0EE005DF307 /* Views */,
				29E77FAA2DB0D0E1005DF307 /* Models */,
				29E77FAC2DB0D101005DF307 /* ViewModels */,
				29E77FA02DB0D0D7005DF307 /* Assets.xcassets */,
				29E77FA22DB0D0D7005DF307 /* Preview Content */,
			);
			path = AssignmentMobileApp;
			sourceTree = "<group>";
		};
		29E77FA22DB0D0D7005DF307 /* Preview Content */ = {
			isa = PBXGroup;
			children = (
				29E77FA32DB0D0D7005DF307 /* Preview Assets.xcassets */,
			);
			path = "Preview Content";
			sourceTree = "<group>";
		};
		29E77FAA2DB0D0E1005DF307 /* Models */ = {
			isa = PBXGroup;
			children = (
				29E77FB72DB0D6BC005DF307 /* User.swift */,
				29E77FBB2DB0D94E005DF307 /* dbError.swift */,
			);
			path = Models;
			sourceTree = "<group>";
		};
		29E77FAB2DB0D0EE005DF307 /* Views */ = {
			isa = PBXGroup;
			children = (
				29E77F9E2DB0D0D6005DF307 /* ContentView.swift */,
				29E77FAE2DB0D1A8005DF307 /* HomeView.swift */,
				29E77FC92DB0F8CD005DF307 /*  AddUserView.swift */,
				29E77FC72DB0F796005DF307 /* UserDetailView.swift */,
			);
			path = Views;
			sourceTree = "<group>";
		};
		29E77FAC2DB0D101005DF307 /* ViewModels */ = {
			isa = PBXGroup;
			children = (
				29E77FC52DB0F49B005DF307 /* UserViewModel.swift */,
				29DFA4D52DB27D3B0004D5D3 /* HalfSheetView.swift */,
			);
			path = ViewModels;
			sourceTree = "<group>";
		};
		29E77FAD2DB0D10F005DF307 /* DataBase */ = {
			isa = PBXGroup;
			children = (
				29E77FB52DB0D629005DF307 /* DataBaseManager.swift */,
				29E77FB92DB0D70E005DF307 /* UserTable.swift */,
				29E77FC02DB0DC9C005DF307 /* Utils */,
			);
			path = DataBase;
			sourceTree = "<group>";
		};
		29E77FC02DB0DC9C005DF307 /* Utils */ = {
			isa = PBXGroup;
			children = (
				29E77FC12DB0DCAF005DF307 /* DbUtils.swift */,
				29E77FC32DB0E604005DF307 /* BDutiles.swift */,
			);
			path = Utils;
			sourceTree = "<group>";
		};
/* End PBXGroup section */

/* Begin PBXNativeTarget section */
		29E77F982DB0D0D6005DF307 /* AssignmentMobileApp */ = {
			isa = PBXNativeTarget;
			buildConfigurationList = 29E77FA72DB0D0D7005DF307 /* Build configuration list for PBXNativeTarget "AssignmentMobileApp" */;
			buildPhases = (
				29E77F952DB0D0D6005DF307 /* Sources */,
				29E77F962DB0D0D6005DF307 /* Frameworks */,
				29E77F972DB0D0D6005DF307 /* Resources */,
			);
			buildRules = (
			);
			dependencies = (
			);
			name = AssignmentMobileApp;
			packageProductDependencies = (
				29E77FB32DB0D5D2005DF307 /* SQLite */,
			);
			productName = AssignmentMobileApp;
			productReference = 29E77F992DB0D0D6005DF307 /* AssignmentMobileApp.app */;
			productType = "com.apple.product-type.application";
		};
/* End PBXNativeTarget section */

/* Begin PBXProject section */
		29E77F912DB0D0D6005DF307 /* Project object */ = {
			isa = PBXProject;
			attributes = {
				BuildIndependentTargetsInParallel = 1;
				LastSwiftUpdateCheck = 1500;
				LastUpgradeCheck = 1500;
				TargetAttributes = {
					29E77F982DB0D0D6005DF307 = {
						CreatedOnToolsVersion = 15.0.1;
					};
				};
			};
			buildConfigurationList = 29E77F942DB0D0D6005DF307 /* Build configuration list for PBXProject "AssignmentMobileApp" */;
			compatibilityVersion = "Xcode 14.0";
			developmentRegion = en;
			hasScannedForEncodings = 0;
			knownRegions = (
				en,
				Base,
			);
			mainGroup = 29E77F902DB0D0D6005DF307;
			packageReferences = (
				29E77FB22DB0D5D1005DF307 /* XCRemoteSwiftPackageReference "SQLite.swift" */,
			);
			productRefGroup = 29E77F9A2DB0D0D6005DF307 /* Products */;
			projectDirPath = "";
			projectRoot = "";
			targets = (
				29E77F982DB0D0D6005DF307 /* AssignmentMobileApp */,
			);
		};
/* End PBXProject section */

/* Begin PBXResourcesBuildPhase section */
		29E77F972DB0D0D6005DF307 /* Resources */ = {
			isa = PBXResourcesBuildPhase;
			buildActionMask = 2147483647;
			files = (
				29E77FA42DB0D0D7005DF307 /* Preview Assets.xcassets in Resources */,
				29E77FA12DB0D0D7005DF307 /* Assets.xcassets in Resources */,
			);
			runOnlyForDeploymentPostprocessing = 0;
		};
/* End PBXResourcesBuildPhase section */

/* Begin PBXSourcesBuildPhase section */
		29E77F952DB0D0D6005DF307 /* Sources */ = {
			isa = PBXSourcesBuildPhase;
			buildActionMask = 2147483647;
			files = (
				29E77FCA2DB0F8CD005DF307 /*  AddUserView.swift in Sources */,
				29E77FBC2DB0D94E005DF307 /* dbError.swift in Sources */,
				29E77FC62DB0F49B005DF307 /* UserViewModel.swift in Sources */,
				29E77FBA2DB0D70E005DF307 /* UserTable.swift in Sources */,
				29E77FAF2DB0D1A8005DF307 /* HomeView.swift in Sources */,
				29E77FB82DB0D6BC005DF307 /* User.swift in Sources */,
				29E77F9F2DB0D0D6005DF307 /* ContentView.swift in Sources */,
				29E77FC82DB0F796005DF307 /* UserDetailView.swift in Sources */,
				29DFA4D62DB27D3B0004D5D3 /* HalfSheetView.swift in Sources */,
				29E77F9D2DB0D0D6005DF307 /* AssignmentMobileAppApp.swift in Sources */,
				29E77FC42DB0E604005DF307 /* BDutiles.swift in Sources */,
				29E77FB62DB0D629005DF307 /* DataBaseManager.swift in Sources */,
				29E77FC22DB0DCAF005DF307 /* DbUtils.swift in Sources */,
			);
			runOnlyForDeploymentPostprocessing = 0;
		};
/* End PBXSourcesBuildPhase section */

/* Begin XCBuildConfiguration section */
		29E77FA52DB0D0D7005DF307 /* Debug */ = {
			isa = XCBuildConfiguration;
			buildSettings = {
				ALWAYS_SEARCH_USER_PATHS = NO;
				ASSETCATALOG_COMPILER_GENERATE_SWIFT_ASSET_SYMBOL_EXTENSIONS = YES;
				CLANG_ANALYZER_NONNULL = YES;
				CLANG_ANALYZER_NUMBER_OBJECT_CONVERSION = YES_AGGRESSIVE;
				CLANG_CXX_LANGUAGE_STANDARD = "gnu++20";
				CLANG_ENABLE_MODULES = YES;
				CLANG_ENABLE_OBJC_ARC = YES;
				CLANG_ENABLE_OBJC_WEAK = YES;
				CLANG_WARN_BLOCK_CAPTURE_AUTORELEASING = YES;
				CLANG_WARN_BOOL_CONVERSION = YES;
				CLANG_WARN_COMMA = YES;
				CLANG_WARN_CONSTANT_CONVERSION = YES;
				CLANG_WARN_DEPRECATED_OBJC_IMPLEMENTATIONS = YES;
				CLANG_WARN_DIRECT_OBJC_ISA_USAGE = YES_ERROR;
				CLANG_WARN_DOCUMENTATION_COMMENTS = YES;
				CLANG_WARN_EMPTY_BODY = YES;
				CLANG_WARN_ENUM_CONVERSION = YES;
				CLANG_WARN_INFINITE_RECURSION = YES;
				CLANG_WARN_INT_CONVERSION = YES;
				CLANG_WARN_NON_LITERAL_NULL_CONVERSION = YES;
				CLANG_WARN_OBJC_IMPLICIT_RETAIN_SELF = YES;
				CLANG_WARN_OBJC_LITERAL_CONVERSION = YES;
				CLANG_WARN_OBJC_ROOT_CLASS = YES_ERROR;
				CLANG_WARN_QUOTED_INCLUDE_IN_FRAMEWORK_HEADER = YES;
				CLANG_WARN_RANGE_LOOP_ANALYSIS = YES;
				CLANG_WARN_STRICT_PROTOTYPES = YES;
				CLANG_WARN_SUSPICIOUS_MOVE = YES;
				CLANG_WARN_UNGUARDED_AVAILABILITY = YES_AGGRESSIVE;
				CLANG_WARN_UNREACHABLE_CODE = YES;
				CLANG_WARN__DUPLICATE_METHOD_MATCH = YES;
				COPY_PHASE_STRIP = NO;
				DEBUG_INFORMATION_FORMAT = dwarf;
				ENABLE_STRICT_OBJC_MSGSEND = YES;
				ENABLE_TESTABILITY = YES;
				ENABLE_USER_SCRIPT_SANDBOXING = YES;
				GCC_C_LANGUAGE_STANDARD = gnu17;
				GCC_DYNAMIC_NO_PIC = NO;
				GCC_NO_COMMON_BLOCKS = YES;
				GCC_OPTIMIZATION_LEVEL = 0;
				GCC_PREPROCESSOR_DEFINITIONS = (
					"DEBUG=1",
					"$(inherited)",
				);
				GCC_WARN_64_TO_32_BIT_CONVERSION = YES;
				GCC_WARN_ABOUT_RETURN_TYPE = YES_ERROR;
				GCC_WARN_UNDECLARED_SELECTOR = YES;
				GCC_WARN_UNINITIALIZED_AUTOS = YES_AGGRESSIVE;
				GCC_WARN_UNUSED_FUNCTION = YES;
				GCC_WARN_UNUSED_VARIABLE = YES;
				IPHONEOS_DEPLOYMENT_TARGET = 17.0;
				LOCALIZATION_PREFERS_STRING_CATALOGS = YES;
				MTL_ENABLE_DEBUG_INFO = INCLUDE_SOURCE;
				MTL_FAST_MATH = YES;
				ONLY_ACTIVE_ARCH = YES;
				SDKROOT = iphoneos;
				SWIFT_ACTIVE_COMPILATION_CONDITIONS = "DEBUG $(inherited)";
				SWIFT_OPTIMIZATION_LEVEL = "-Onone";
			};
			name = Debug;
		};
		29E77FA62DB0D0D7005DF307 /* Release */ = {
			isa = XCBuildConfiguration;
			buildSettings = {
				ALWAYS_SEARCH_USER_PATHS = NO;
				ASSETCATALOG_COMPILER_GENERATE_SWIFT_ASSET_SYMBOL_EXTENSIONS = YES;
				CLANG_ANALYZER_NONNULL = YES;
				CLANG_ANALYZER_NUMBER_OBJECT_CONVERSION = YES_AGGRESSIVE;
				CLANG_CXX_LANGUAGE_STANDARD = "gnu++20";
				CLANG_ENABLE_MODULES = YES;
				CLANG_ENABLE_OBJC_ARC = YES;
				CLANG_ENABLE_OBJC_WEAK = YES;
				CLANG_WARN_BLOCK_CAPTURE_AUTORELEASING = YES;
				CLANG_WARN_BOOL_CONVERSION = YES;
				CLANG_WARN_COMMA = YES;
				CLANG_WARN_CONSTANT_CONVERSION = YES;
				CLANG_WARN_DEPRECATED_OBJC_IMPLEMENTATIONS = YES;
				CLANG_WARN_DIRECT_OBJC_ISA_USAGE = YES_ERROR;
				CLANG_WARN_DOCUMENTATION_COMMENTS = YES;
				CLANG_WARN_EMPTY_BODY = YES;
				CLANG_WARN_ENUM_CONVERSION = YES;
				CLANG_WARN_INFINITE_RECURSION = YES;
				CLANG_WARN_INT_CONVERSION = YES;
				CLANG_WARN_NON_LITERAL_NULL_CONVERSION = YES;
				CLANG_WARN_OBJC_IMPLICIT_RETAIN_SELF = YES;
				CLANG_WARN_OBJC_LITERAL_CONVERSION = YES;
				CLANG_WARN_OBJC_ROOT_CLASS = YES_ERROR;
				CLANG_WARN_QUOTED_INCLUDE_IN_FRAMEWORK_HEADER = YES;
				CLANG_WARN_RANGE_LOOP_ANALYSIS = YES;
				CLANG_WARN_STRICT_PROTOTYPES = YES;
				CLANG_WARN_SUSPICIOUS_MOVE = YES;
				CLANG_WARN_UNGUARDED_AVAILABILITY = YES_AGGRESSIVE;
				CLANG_WARN_UNREACHABLE_CODE = YES;
				CLANG_WARN__DUPLICATE_METHOD_MATCH = YES;
				COPY_PHASE_STRIP = NO;
				DEBUG_INFORMATION_FORMAT = "dwarf-with-dsym";
				ENABLE_NS_ASSERTIONS = NO;
				ENABLE_STRICT_OBJC_MSGSEND = YES;
				ENABLE_USER_SCRIPT_SANDBOXING = YES;
				GCC_C_LANGUAGE_STANDARD = gnu17;
				GCC_NO_COMMON_BLOCKS = YES;
				GCC_WARN_64_TO_32_BIT_CONVERSION = YES;
				GCC_WARN_ABOUT_RETURN_TYPE = YES_ERROR;
				GCC_WARN_UNDECLARED_SELECTOR = YES;
				GCC_WARN_UNINITIALIZED_AUTOS = YES_AGGRESSIVE;
				GCC_WARN_UNUSED_FUNCTION = YES;
				GCC_WARN_UNUSED_VARIABLE = YES;
				IPHONEOS_DEPLOYMENT_TARGET = 17.0;
				LOCALIZATION_PREFERS_STRING_CATALOGS = YES;
				MTL_ENABLE_DEBUG_INFO = NO;
				MTL_FAST_MATH = YES;
				SDKROOT = iphoneos;
				SWIFT_COMPILATION_MODE = wholemodule;
				VALIDATE_PRODUCT = YES;
			};
			name = Release;
		};
		29E77FA82DB0D0D7005DF307 /* Debug */ = {
			isa = XCBuildConfiguration;
			buildSettings = {
				ASSETCATALOG_COMPILER_APPICON_NAME = AppIcon;
				ASSETCATALOG_COMPILER_GLOBAL_ACCENT_COLOR_NAME = AccentColor;
				CODE_SIGN_STYLE = Automatic;
				CURRENT_PROJECT_VERSION = 1;
				DEVELOPMENT_ASSET_PATHS = "\"AssignmentMobileApp/Preview Content\"";
				ENABLE_PREVIEWS = YES;
				GENERATE_INFOPLIST_FILE = YES;
				INFOPLIST_KEY_UIApplicationSceneManifest_Generation = YES;
				INFOPLIST_KEY_UIApplicationSupportsIndirectInputEvents = YES;
				INFOPLIST_KEY_UILaunchScreen_Generation = YES;
				INFOPLIST_KEY_UISupportedInterfaceOrientations_iPad = "UIInterfaceOrientationPortrait UIInterfaceOrientationPortraitUpsideDown UIInterfaceOrientationLandscapeLeft UIInterfaceOrientationLandscapeRight";
				INFOPLIST_KEY_UISupportedInterfaceOrientations_iPhone = "UIInterfaceOrientationPortrait UIInterfaceOrientationLandscapeLeft UIInterfaceOrientationLandscapeRight";
				LD_RUNPATH_SEARCH_PATHS = (
					"$(inherited)",
					"@executable_path/Frameworks",
				);
				MARKETING_VERSION = 1.0;
				PRODUCT_BUNDLE_IDENTIFIER = com.pallam.AssignmentMobileApp;
				PRODUCT_NAME = "$(TARGET_NAME)";
				SWIFT_EMIT_LOC_STRINGS = YES;
				SWIFT_VERSION = 5.0;
				TARGETED_DEVICE_FAMILY = "1,2";
			};
			name = Debug;
		};
		29E77FA92DB0D0D7005DF307 /* Release */ = {
			isa = XCBuildConfiguration;
			buildSettings = {
				ASSETCATALOG_COMPILER_APPICON_NAME = AppIcon;
				ASSETCATALOG_COMPILER_GLOBAL_ACCENT_COLOR_NAME = AccentColor;
				CODE_SIGN_STYLE = Automatic;
				CURRENT_PROJECT_VERSION = 1;
				DEVELOPMENT_ASSET_PATHS = "\"AssignmentMobileApp/Preview Content\"";
				ENABLE_PREVIEWS = YES;
				GENERATE_INFOPLIST_FILE = YES;
				INFOPLIST_KEY_UIApplicationSceneManifest_Generation = YES;
				INFOPLIST_KEY_UIApplicationSupportsIndirectInputEvents = YES;
				INFOPLIST_KEY_UILaunchScreen_Generation = YES;
				INFOPLIST_KEY_UISupportedInterfaceOrientations_iPad = "UIInterfaceOrientationPortrait UIInterfaceOrientationPortraitUpsideDown UIInterfaceOrientationLandscapeLeft UIInterfaceOrientationLandscapeRight";
				INFOPLIST_KEY_UISupportedInterfaceOrientations_iPhone = "UIInterfaceOrientationPortrait UIInterfaceOrientationLandscapeLeft UIInterfaceOrientationLandscapeRight";
				LD_RUNPATH_SEARCH_PATHS = (
					"$(inherited)",
					"@executable_path/Frameworks",
				);
				MARKETING_VERSION = 1.0;
				PRODUCT_BUNDLE_IDENTIFIER = com.pallam.AssignmentMobileApp;
				PRODUCT_NAME = "$(TARGET_NAME)";
				SWIFT_EMIT_LOC_STRINGS = YES;
				SWIFT_VERSION = 5.0;
				TARGETED_DEVICE_FAMILY = "1,2";
			};
			name = Release;
		};
/* End XCBuildConfiguration section */

/* Begin XCConfigurationList section */
		29E77F942DB0D0D6005DF307 /* Build configuration list for PBXProject "AssignmentMobileApp" */ = {
			isa = XCConfigurationList;
			buildConfigurations = (
				29E77FA52DB0D0D7005DF307 /* Debug */,
				29E77FA62DB0D0D7005DF307 /* Release */,
			);
			defaultConfigurationIsVisible = 0;
			defaultConfigurationName = Release;
		};
		29E77FA72DB0D0D7005DF307 /* Build configuration list for PBXNativeTarget "AssignmentMobileApp" */ = {
			isa = XCConfigurationList;
			buildConfigurations = (
				29E77FA82DB0D0D7005DF307 /* Debug */,
				29E77FA92DB0D0D7005DF307 /* Release */,
			);
			defaultConfigurationIsVisible = 0;
			defaultConfigurationName = Release;
		};
/* End XCConfigurationList section */

/* Begin XCRemoteSwiftPackageReference section */
		29E77FB22DB0D5D1005DF307 /* XCRemoteSwiftPackageReference "SQLite.swift" */ = {
			isa = XCRemoteSwiftPackageReference;
			repositoryURL = "https://github.com/stephencelis/SQLite.swift.git";
			requirement = {
				kind = upToNextMajorVersion;
				minimumVersion = 0.15.3;
			};
		};
/* End XCRemoteSwiftPackageReference section */

/* Begin XCSwiftPackageProductDependency section */
		29E77FB32DB0D5D2005DF307 /* SQLite */ = {
			isa = XCSwiftPackageProductDependency;
			package = 29E77FB22DB0D5D1005DF307 /* XCRemoteSwiftPackageReference "SQLite.swift" */;
			productName = SQLite;
		};
/* End XCSwiftPackageProductDependency section */
	};
	rootObject = 29E77F912DB0D0D6005DF307 /* Project object */;
}
